
Microsoft Visual Studio Solution File, Format Version 12.00
# Visual Studio 15
VisualStudioVersion = 15.0.28010.2016
MinimumVisualStudioVersion = 10.0.40219.1
Project("{FAE04EC0-301F-11D3-BF4B-00C04F79EFBC}") = "XMLExample", "XMLExample\XMLExample.csproj", "{1304083D-0CB4-4C4C-B452-744FF3062F2F}"
EndProject
Global
	GlobalSection(SolutionConfigurationPlatforms) = preSolution
		Debug|Any CPU = Debug|Any CPU
		Release|Any CPU = Release|Any CPU
	EndGlobalSection
	GlobalSection(ProjectConfigurationPlatforms) = postSolution
		{1304083D-0CB4-4C4C-B452-744FF3062F2F}.Debug|Any CPU.ActiveCfg = Debug|Any CPU
		{1304083D-0CB4-4C4C-B452-744FF3062F2F}.Debug|Any CPU.Build.0 = Debug|Any CPU
		{1304083D-0CB4-4C4C-B452-744FF3062F2F}.Release|Any CPU.ActiveCfg = Release|Any CPU
		{1304083D-0CB4-4C4C-B452-744FF3062F2F}.Release|Any CPU.Build.0 = Release|Any CPU
	EndGlobalSection
	GlobalSection(SolutionProperties) = preSolution
		HideSolutionNode = FALSE
	EndGlobalSection
	GlobalSection(ExtensibilityGlobals) = postSolution
		SolutionGuid = {4A47E84F-ED78-4934-9CD1-551C522CA040}
	EndGlobalSection
EndGlobal
